
Microsoft Visual Studio Solution File, Format Version 12.00
# Visual Studio Version 16
VisualStudioVersion = 16.0.30611.23
MinimumVisualStudioVersion = 10.0.40219.1
Project("{FAE04EC0-301F-11D3-BF4B-00C04F79EFBC}") = "QlyBDS", "QlyBDS\QlyBDS.csproj", "{03A5BDB1-7FEE-4409-9C26-F979E9F39A37}"
EndProject
Global
	GlobalSection(SolutionConfigurationPlatforms) = preSolution
		Debug|Any CPU = Debug|Any CPU
		Release|Any CPU = Release|Any CPU
	EndGlobalSection
	GlobalSection(ProjectConfigurationPlatforms) = postSolution
		{03A5BDB1-7FEE-4409-9C26-F979E9F39A37}.Debug|Any CPU.ActiveCfg = Debug|Any CPU
		{03A5BDB1-7FEE-4409-9C26-F979E9F39A37}.Debug|Any CPU.Build.0 = Debug|Any CPU
		{03A5BDB1-7FEE-4409-9C26-F979E9F39A37}.Release|Any CPU.ActiveCfg = Release|Any CPU
		{03A5BDB1-7FEE-4409-9C26-F979E9F39A37}.Release|Any CPU.Build.0 = Release|Any CPU
	EndGlobalSection
	GlobalSection(SolutionProperties) = preSolution
		HideSolutionNode = FALSE
	EndGlobalSection
	GlobalSection(ExtensibilityGlobals) = postSolution
		SolutionGuid = {7973F521-6C01-4596-A71B-EEE371BB6A39}
	EndGlobalSection
EndGlobal
